
Microsoft Visual Studio Solution File, Format Version 12.00
# Visual Studio Version 17
VisualStudioVersion = 17.10.35122.118
MinimumVisualStudioVersion = 10.0.40219.1
Project("{9A19103F-16F7-4668-BE54-9A1E7A4F7556}") = "ITransitionFinalAPI", "ITransitionFinalAPI\ITransitionFinalAPI.csproj", "{5407F87D-629F-429C-8BDC-E7DB9CEB93D3}"
EndProject
Project("{9A19103F-16F7-4668-BE54-9A1E7A4F7556}") = "FrontendAppCollections", "FronendAppCollections\FrontendAppCollections.csproj", "{EEC482E0-9FEF-4DC9-AB6F-EFD2E58DB2A5}"
EndProject
Global
	GlobalSection(SolutionConfigurationPlatforms) = preSolution
		Debug|Any CPU = Debug|Any CPU
		Release|Any CPU = Release|Any CPU
	EndGlobalSection
	GlobalSection(ProjectConfigurationPlatforms) = postSolution
		{5407F87D-629F-429C-8BDC-E7DB9CEB93D3}.Debug|Any CPU.ActiveCfg = Debug|Any CPU
		{5407F87D-629F-429C-8BDC-E7DB9CEB93D3}.Debug|Any CPU.Build.0 = Debug|Any CPU
		{5407F87D-629F-429C-8BDC-E7DB9CEB93D3}.Release|Any CPU.ActiveCfg = Release|Any CPU
		{5407F87D-629F-429C-8BDC-E7DB9CEB93D3}.Release|Any CPU.Build.0 = Release|Any CPU
		{EEC482E0-9FEF-4DC9-AB6F-EFD2E58DB2A5}.Debug|Any CPU.ActiveCfg = Debug|Any CPU
		{EEC482E0-9FEF-4DC9-AB6F-EFD2E58DB2A5}.Debug|Any CPU.Build.0 = Debug|Any CPU
		{EEC482E0-9FEF-4DC9-AB6F-EFD2E58DB2A5}.Release|Any CPU.ActiveCfg = Release|Any CPU
		{EEC482E0-9FEF-4DC9-AB6F-EFD2E58DB2A5}.Release|Any CPU.Build.0 = Release|Any CPU
	EndGlobalSection
	GlobalSection(SolutionProperties) = preSolution
		HideSolutionNode = FALSE
	EndGlobalSection
	GlobalSection(ExtensibilityGlobals) = postSolution
		SolutionGuid = {39D4A512-95BC-40ED-8CAE-059D2C9E1B06}
	EndGlobalSection
EndGlobal
